// !$*UTF8*$!
{
	archiveVersion = 1;
	classes = {
	};
	objectVersion = 55;
	objects = {

/* Begin PBXBuildFile section */
		EB7D68E927858A6A00488DEC /* Observer.swift in Sources */ = {isa = PBXBuildFile; fileRef = EB7D68E827858A6A00488DEC /* Observer.swift */; };
		EB7D695B278592CD00488DEC /* UIImageView+Extensions.swift in Sources */ = {isa = PBXBuildFile; fileRef = EB7D695A278592CD00488DEC /* UIImageView+Extensions.swift */; };
		EB9EA99F2784440F006101C6 /* AppDelegate.swift in Sources */ = {isa = PBXBuildFile; fileRef = EB9EA99E2784440F006101C6 /* AppDelegate.swift */; };
		EB9EA9A12784440F006101C6 /* SceneDelegate.swift in Sources */ = {isa = PBXBuildFile; fileRef = EB9EA9A02784440F006101C6 /* SceneDelegate.swift */; };
		EB9EA9A827844411006101C6 /* Assets.xcassets in Resources */ = {isa = PBXBuildFile; fileRef = EB9EA9A727844411006101C6 /* Assets.xcassets */; };
		EB9EA9AB27844411006101C6 /* LaunchScreen.storyboard in Resources */ = {isa = PBXBuildFile; fileRef = EB9EA9A927844411006101C6 /* LaunchScreen.storyboard */; };
		EB9EA9B627844411006101C6 /* MoviesAppSwiftTests.swift in Sources */ = {isa = PBXBuildFile; fileRef = EB9EA9B527844411006101C6 /* MoviesAppSwiftTests.swift */; };
		EB9EA9C027844411006101C6 /* MoviesAppSwiftUITests.swift in Sources */ = {isa = PBXBuildFile; fileRef = EB9EA9BF27844411006101C6 /* MoviesAppSwiftUITests.swift */; };
		EB9EA9C227844411006101C6 /* MoviesAppSwiftUITestsLaunchTests.swift in Sources */ = {isa = PBXBuildFile; fileRef = EB9EA9C127844411006101C6 /* MoviesAppSwiftUITestsLaunchTests.swift */; };
		EB9EAA702784B724006101C6 /* Coordinator.swift in Sources */ = {isa = PBXBuildFile; fileRef = EB9EAA6F2784B724006101C6 /* Coordinator.swift */; };
		EB9EAA752784B8E4006101C6 /* MoviesListViewController.swift in Sources */ = {isa = PBXBuildFile; fileRef = EB9EAA732784B8E4006101C6 /* MoviesListViewController.swift */; };
		EB9EAA762784B8E4006101C6 /* MoviesListViewController.xib in Resources */ = {isa = PBXBuildFile; fileRef = EB9EAA742784B8E4006101C6 /* MoviesListViewController.xib */; };
		EB9EAA782784BA35006101C6 /* HomeCoordinator.swift in Sources */ = {isa = PBXBuildFile; fileRef = EB9EAA772784BA35006101C6 /* HomeCoordinator.swift */; };
		EB9EAA7A2784BBF3006101C6 /* MoviesListViewModel.swift in Sources */ = {isa = PBXBuildFile; fileRef = EB9EAA792784BBF3006101C6 /* MoviesListViewModel.swift */; };
		EB9EAA802784BF52006101C6 /* Movie.swift in Sources */ = {isa = PBXBuildFile; fileRef = EB9EAA7F2784BF52006101C6 /* Movie.swift */; };
		EB9EAA842784C079006101C6 /* MovieTableViewCell.swift in Sources */ = {isa = PBXBuildFile; fileRef = EB9EAA822784C079006101C6 /* MovieTableViewCell.swift */; };
		EB9EAA852784C079006101C6 /* MovieTableViewCell.xib in Resources */ = {isa = PBXBuildFile; fileRef = EB9EAA832784C079006101C6 /* MovieTableViewCell.xib */; };
		EB9EAAF72784CC9B006101C6 /* Constants.swift in Sources */ = {isa = PBXBuildFile; fileRef = EB9EAAF62784CC9B006101C6 /* Constants.swift */; };
		EB9EAAF92784D09E006101C6 /* MovieServiceWrapper.swift in Sources */ = {isa = PBXBuildFile; fileRef = EB9EAAF82784D09E006101C6 /* MovieServiceWrapper.swift */; };
		EB9EAAFB2784D0F3006101C6 /* MovieServiceError.swift in Sources */ = {isa = PBXBuildFile; fileRef = EB9EAAFA2784D0F3006101C6 /* MovieServiceError.swift */; };
		EB9EAAFE2784D267006101C6 /* Alamofire in Frameworks */ = {isa = PBXBuildFile; productRef = EB9EAAFD2784D267006101C6 /* Alamofire */; };
		EB9EAB012784D537006101C6 /* Error+Extensions.swift in Sources */ = {isa = PBXBuildFile; fileRef = EB9EAB002784D537006101C6 /* Error+Extensions.swift */; };
		EB9EAB052784D67E006101C6 /* MoviesProtocol.swift in Sources */ = {isa = PBXBuildFile; fileRef = EB9EAB042784D67E006101C6 /* MoviesProtocol.swift */; };
		EB9EAB082784D7ED006101C6 /* MoviesManager.swift in Sources */ = {isa = PBXBuildFile; fileRef = EB9EAB072784D7ED006101C6 /* MoviesManager.swift */; };
		EBFF3A7327860A19005ECEA6 /* UITableView+Extensions.swift in Sources */ = {isa = PBXBuildFile; fileRef = EBFF3A7227860A19005ECEA6 /* UITableView+Extensions.swift */; };
		EBFF3AE727861519005ECEA6 /* MovieDetailViewController.swift in Sources */ = {isa = PBXBuildFile; fileRef = EBFF3AE527861519005ECEA6 /* MovieDetailViewController.swift */; };
		EBFF3AE827861519005ECEA6 /* MovieDetailViewController.xib in Resources */ = {isa = PBXBuildFile; fileRef = EBFF3AE627861519005ECEA6 /* MovieDetailViewController.xib */; };
		EBFF3AEA278615AD005ECEA6 /* MovieDetailViewModel.swift in Sources */ = {isa = PBXBuildFile; fileRef = EBFF3AE9278615AD005ECEA6 /* MovieDetailViewModel.swift */; };
		EBFF3AEC27862B55005ECEA6 /* NetworkConnectivity.swift in Sources */ = {isa = PBXBuildFile; fileRef = EBFF3AEB27862B55005ECEA6 /* NetworkConnectivity.swift */; };
		EBFF3B5E27862CB5005ECEA6 /* UIViewController+Extensions.swift in Sources */ = {isa = PBXBuildFile; fileRef = EBFF3B5D27862CB5005ECEA6 /* UIViewController+Extensions.swift */; };
/* End PBXBuildFile section */

/* Begin PBXContainerItemProxy section */
		EB9EA9B227844411006101C6 /* PBXContainerItemProxy */ = {
			isa = PBXContainerItemProxy;
			containerPortal = EB9EA9932784440F006101C6 /* Project object */;
			proxyType = 1;
			remoteGlobalIDString = EB9EA99A2784440F006101C6;
			remoteInfo = MoviesAppSwift;
		};
		EB9EA9BC27844411006101C6 /* PBXContainerItemProxy */ = {
			isa = PBXContainerItemProxy;
			containerPortal = EB9EA9932784440F006101C6 /* Project object */;
			proxyType = 1;
			remoteGlobalIDString = EB9EA99A2784440F006101C6;
			remoteInfo = MoviesAppSwift;
		};
/* End PBXContainerItemProxy section */

/* Begin PBXFileReference section */
		EB7D68E827858A6A00488DEC /* Observer.swift */ = {isa = PBXFileReference; lastKnownFileType = sourcecode.swift; path = Observer.swift; sourceTree = "<group>"; };
		EB7D695A278592CD00488DEC /* UIImageView+Extensions.swift */ = {isa = PBXFileReference; lastKnownFileType = sourcecode.swift; path = "UIImageView+Extensions.swift"; sourceTree = "<group>"; };
		EB9EA99B2784440F006101C6 /* MoviesAppSwift.app */ = {isa = PBXFileReference; explicitFileType = wrapper.application; includeInIndex = 0; path = MoviesAppSwift.app; sourceTree = BUILT_PRODUCTS_DIR; };
		EB9EA99E2784440F006101C6 /* AppDelegate.swift */ = {isa = PBXFileReference; lastKnownFileType = sourcecode.swift; path = AppDelegate.swift; sourceTree = "<group>"; };
		EB9EA9A02784440F006101C6 /* SceneDelegate.swift */ = {isa = PBXFileReference; lastKnownFileType = sourcecode.swift; path = SceneDelegate.swift; sourceTree = "<group>"; };
		EB9EA9A727844411006101C6 /* Assets.xcassets */ = {isa = PBXFileReference; lastKnownFileType = folder.assetcatalog; path = Assets.xcassets; sourceTree = "<group>"; };
		EB9EA9AA27844411006101C6 /* Base */ = {isa = PBXFileReference; lastKnownFileType = file.storyboard; name = Base; path = Base.lproj/LaunchScreen.storyboard; sourceTree = "<group>"; };
		EB9EA9AC27844411006101C6 /* Info.plist */ = {isa = PBXFileReference; lastKnownFileType = text.plist.xml; path = Info.plist; sourceTree = "<group>"; };
		EB9EA9B127844411006101C6 /* MoviesAppSwiftTests.xctest */ = {isa = PBXFileReference; explicitFileType = wrapper.cfbundle; includeInIndex = 0; path = MoviesAppSwiftTests.xctest; sourceTree = BUILT_PRODUCTS_DIR; };
		EB9EA9B527844411006101C6 /* MoviesAppSwiftTests.swift */ = {isa = PBXFileReference; lastKnownFileType = sourcecode.swift; path = MoviesAppSwiftTests.swift; sourceTree = "<group>"; };
		EB9EA9BB27844411006101C6 /* MoviesAppSwiftUITests.xctest */ = {isa = PBXFileReference; explicitFileType = wrapper.cfbundle; includeInIndex = 0; path = MoviesAppSwiftUITests.xctest; sourceTree = BUILT_PRODUCTS_DIR; };
		EB9EA9BF27844411006101C6 /* MoviesAppSwiftUITests.swift */ = {isa = PBXFileReference; lastKnownFileType = sourcecode.swift; path = MoviesAppSwiftUITests.swift; sourceTree = "<group>"; };
		EB9EA9C127844411006101C6 /* MoviesAppSwiftUITestsLaunchTests.swift */ = {isa = PBXFileReference; lastKnownFileType = sourcecode.swift; path = MoviesAppSwiftUITestsLaunchTests.swift; sourceTree = "<group>"; };
		EB9EAA6F2784B724006101C6 /* Coordinator.swift */ = {isa = PBXFileReference; lastKnownFileType = sourcecode.swift; path = Coordinator.swift; sourceTree = "<group>"; };
		EB9EAA732784B8E4006101C6 /* MoviesListViewController.swift */ = {isa = PBXFileReference; lastKnownFileType = sourcecode.swift; path = MoviesListViewController.swift; sourceTree = "<group>"; };
		EB9EAA742784B8E4006101C6 /* MoviesListViewController.xib */ = {isa = PBXFileReference; lastKnownFileType = file.xib; path = MoviesListViewController.xib; sourceTree = "<group>"; };
		EB9EAA772784BA35006101C6 /* HomeCoordinator.swift */ = {isa = PBXFileReference; lastKnownFileType = sourcecode.swift; path = HomeCoordinator.swift; sourceTree = "<group>"; };
		EB9EAA792784BBF3006101C6 /* MoviesListViewModel.swift */ = {isa = PBXFileReference; lastKnownFileType = sourcecode.swift; path = MoviesListViewModel.swift; sourceTree = "<group>"; };
		EB9EAA7F2784BF52006101C6 /* Movie.swift */ = {isa = PBXFileReference; lastKnownFileType = sourcecode.swift; path = Movie.swift; sourceTree = "<group>"; };
		EB9EAA822784C079006101C6 /* MovieTableViewCell.swift */ = {isa = PBXFileReference; lastKnownFileType = sourcecode.swift; path = MovieTableViewCell.swift; sourceTree = "<group>"; };
		EB9EAA832784C079006101C6 /* MovieTableViewCell.xib */ = {isa = PBXFileReference; lastKnownFileType = file.xib; path = MovieTableViewCell.xib; sourceTree = "<group>"; };
		EB9EAAF62784CC9B006101C6 /* Constants.swift */ = {isa = PBXFileReference; lastKnownFileType = sourcecode.swift; path = Constants.swift; sourceTree = "<group>"; };
		EB9EAAF82784D09E006101C6 /* MovieServiceWrapper.swift */ = {isa = PBXFileReference; lastKnownFileType = sourcecode.swift; path = MovieServiceWrapper.swift; sourceTree = "<group>"; };
		EB9EAAFA2784D0F3006101C6 /* MovieServiceError.swift */ = {isa = PBXFileReference; lastKnownFileType = sourcecode.swift; path = MovieServiceError.swift; sourceTree = "<group>"; };
		EB9EAB002784D537006101C6 /* Error+Extensions.swift */ = {isa = PBXFileReference; lastKnownFileType = sourcecode.swift; path = "Error+Extensions.swift"; sourceTree = "<group>"; };
		EB9EAB042784D67E006101C6 /* MoviesProtocol.swift */ = {isa = PBXFileReference; lastKnownFileType = sourcecode.swift; path = MoviesProtocol.swift; sourceTree = "<group>"; };
		EB9EAB072784D7ED006101C6 /* MoviesManager.swift */ = {isa = PBXFileReference; lastKnownFileType = sourcecode.swift; path = MoviesManager.swift; sourceTree = "<group>"; };
		EBFF3A7227860A19005ECEA6 /* UITableView+Extensions.swift */ = {isa = PBXFileReference; lastKnownFileType = sourcecode.swift; path = "UITableView+Extensions.swift"; sourceTree = "<group>"; };
		EBFF3AE527861519005ECEA6 /* MovieDetailViewController.swift */ = {isa = PBXFileReference; lastKnownFileType = sourcecode.swift; path = MovieDetailViewController.swift; sourceTree = "<group>"; };
		EBFF3AE627861519005ECEA6 /* MovieDetailViewController.xib */ = {isa = PBXFileReference; lastKnownFileType = file.xib; path = MovieDetailViewController.xib; sourceTree = "<group>"; };
		EBFF3AE9278615AD005ECEA6 /* MovieDetailViewModel.swift */ = {isa = PBXFileReference; lastKnownFileType = sourcecode.swift; path = MovieDetailViewModel.swift; sourceTree = "<group>"; };
		EBFF3AEB27862B55005ECEA6 /* NetworkConnectivity.swift */ = {isa = PBXFileReference; lastKnownFileType = sourcecode.swift; path = NetworkConnectivity.swift; sourceTree = "<group>"; };
		EBFF3B5D27862CB5005ECEA6 /* UIViewController+Extensions.swift */ = {isa = PBXFileReference; lastKnownFileType = sourcecode.swift; path = "UIViewController+Extensions.swift"; sourceTree = "<group>"; };
/* End PBXFileReference section */

/* Begin PBXFrameworksBuildPhase section */
		EB9EA9982784440F006101C6 /* Frameworks */ = {
			isa = PBXFrameworksBuildPhase;
			buildActionMask = 2147483647;
			files = (
				EB9EAAFE2784D267006101C6 /* Alamofire in Frameworks */,
			);
			runOnlyForDeploymentPostprocessing = 0;
		};
		EB9EA9AE27844411006101C6 /* Frameworks */ = {
			isa = PBXFrameworksBuildPhase;
			buildActionMask = 2147483647;
			files = (
			);
			runOnlyForDeploymentPostprocessing = 0;
		};
		EB9EA9B827844411006101C6 /* Frameworks */ = {
			isa = PBXFrameworksBuildPhase;
			buildActionMask = 2147483647;
			files = (
			);
			runOnlyForDeploymentPostprocessing = 0;
		};
/* End PBXFrameworksBuildPhase section */

/* Begin PBXGroup section */
		EB9EA9922784440F006101C6 = {
			isa = PBXGroup;
			children = (
				EB9EA99D2784440F006101C6 /* MoviesAppSwift */,
				EB9EA9B427844411006101C6 /* MoviesAppSwiftTests */,
				EB9EA9BE27844411006101C6 /* MoviesAppSwiftUITests */,
				EB9EA99C2784440F006101C6 /* Products */,
			);
			sourceTree = "<group>";
		};
		EB9EA99C2784440F006101C6 /* Products */ = {
			isa = PBXGroup;
			children = (
				EB9EA99B2784440F006101C6 /* MoviesAppSwift.app */,
				EB9EA9B127844411006101C6 /* MoviesAppSwiftTests.xctest */,
				EB9EA9BB27844411006101C6 /* MoviesAppSwiftUITests.xctest */,
			);
			name = Products;
			sourceTree = "<group>";
		};
		EB9EA99D2784440F006101C6 /* MoviesAppSwift */ = {
			isa = PBXGroup;
			children = (
				EB9EA99E2784440F006101C6 /* AppDelegate.swift */,
				EB9EA9A02784440F006101C6 /* SceneDelegate.swift */,
				EB9EAA6D2784B6A3006101C6 /* UseCases */,
				EB9EAA7E2784BF41006101C6 /* Models */,
				EB9EAA7B2784BD14006101C6 /* Coordinator */,
				EB9EAA7C2784BDA5006101C6 /* Providers */,
				EB9EAA6C2784B691006101C6 /* Utils */,
				EB9EA9A727844411006101C6 /* Assets.xcassets */,
				EB9EA9A927844411006101C6 /* LaunchScreen.storyboard */,
				EB9EA9AC27844411006101C6 /* Info.plist */,
			);
			path = MoviesAppSwift;
			sourceTree = "<group>";
		};
		EB9EA9B427844411006101C6 /* MoviesAppSwiftTests */ = {
			isa = PBXGroup;
			children = (
				EB9EA9B527844411006101C6 /* MoviesAppSwiftTests.swift */,
			);
			path = MoviesAppSwiftTests;
			sourceTree = "<group>";
		};
		EB9EA9BE27844411006101C6 /* MoviesAppSwiftUITests */ = {
			isa = PBXGroup;
			children = (
				EB9EA9BF27844411006101C6 /* MoviesAppSwiftUITests.swift */,
				EB9EA9C127844411006101C6 /* MoviesAppSwiftUITestsLaunchTests.swift */,
			);
			path = MoviesAppSwiftUITests;
			sourceTree = "<group>";
		};
		EB9EAA6C2784B691006101C6 /* Utils */ = {
			isa = PBXGroup;
			children = (
				EB9EAAF62784CC9B006101C6 /* Constants.swift */,
				EB7D68E827858A6A00488DEC /* Observer.swift */,
				EBFF3AEB27862B55005ECEA6 /* NetworkConnectivity.swift */,
				EB9EAAFF2784D527006101C6 /* Extensions */,
			);
			path = Utils;
			sourceTree = "<group>";
		};
		EB9EAA6D2784B6A3006101C6 /* UseCases */ = {
			isa = PBXGroup;
			children = (
				EB9EAA6E2784B6C0006101C6 /* Home */,
				EBFF3AE4278614E5005ECEA6 /* MovieDetail */,
				EB9EAA812784C05D006101C6 /* Common */,
			);
			path = UseCases;
			sourceTree = "<group>";
		};
		EB9EAA6E2784B6C0006101C6 /* Home */ = {
			isa = PBXGroup;
			children = (
				EB9EAA772784BA35006101C6 /* HomeCoordinator.swift */,
				EB9EAA732784B8E4006101C6 /* MoviesListViewController.swift */,
				EB9EAA742784B8E4006101C6 /* MoviesListViewController.xib */,
				EB9EAA792784BBF3006101C6 /* MoviesListViewModel.swift */,
			);
			path = Home;
			sourceTree = "<group>";
		};
		EB9EAA7B2784BD14006101C6 /* Coordinator */ = {
			isa = PBXGroup;
			children = (
				EB9EAA6F2784B724006101C6 /* Coordinator.swift */,
			);
			path = Coordinator;
			sourceTree = "<group>";
		};
		EB9EAA7C2784BDA5006101C6 /* Providers */ = {
			isa = PBXGroup;
			children = (
				EB9EAA7D2784BDB4006101C6 /* Services */,
			);
			path = Providers;
			sourceTree = "<group>";
		};
		EB9EAA7D2784BDB4006101C6 /* Services */ = {
			isa = PBXGroup;
			children = (
				EB9EAB022784D635006101C6 /* MovieService */,
			);
			path = Services;
			sourceTree = "<group>";
		};
		EB9EAA7E2784BF41006101C6 /* Models */ = {
			isa = PBXGroup;
			children = (
				EB9EAA7F2784BF52006101C6 /* Movie.swift */,
				EB9EAAFA2784D0F3006101C6 /* MovieServiceError.swift */,
			);
			path = Models;
			sourceTree = "<group>";
		};
		EB9EAA812784C05D006101C6 /* Common */ = {
			isa = PBXGroup;
			children = (
				EB9EAA822784C079006101C6 /* MovieTableViewCell.swift */,
				EB9EAA832784C079006101C6 /* MovieTableViewCell.xib */,
			);
			path = Common;
			sourceTree = "<group>";
		};
		EB9EAAFF2784D527006101C6 /* Extensions */ = {
			isa = PBXGroup;
			children = (
				EB9EAB002784D537006101C6 /* Error+Extensions.swift */,
				EB7D695A278592CD00488DEC /* UIImageView+Extensions.swift */,
				EBFF3A7227860A19005ECEA6 /* UITableView+Extensions.swift */,
				EBFF3B5D27862CB5005ECEA6 /* UIViewController+Extensions.swift */,
			);
			path = Extensions;
			sourceTree = "<group>";
		};
		EB9EAB022784D635006101C6 /* MovieService */ = {
			isa = PBXGroup;
			children = (
				EB9EAAF82784D09E006101C6 /* MovieServiceWrapper.swift */,
				EB9EAB062784D7CE006101C6 /* Managers */,
				EB9EAB032784D651006101C6 /* Protocols */,
			);
			path = MovieService;
			sourceTree = "<group>";
		};
		EB9EAB032784D651006101C6 /* Protocols */ = {
			isa = PBXGroup;
			children = (
				EB9EAB042784D67E006101C6 /* MoviesProtocol.swift */,
			);
			path = Protocols;
			sourceTree = "<group>";
		};
		EB9EAB062784D7CE006101C6 /* Managers */ = {
			isa = PBXGroup;
			children = (
				EB9EAB072784D7ED006101C6 /* MoviesManager.swift */,
			);
			path = Managers;
			sourceTree = "<group>";
		};
		EBFF3AE4278614E5005ECEA6 /* MovieDetail */ = {
			isa = PBXGroup;
			children = (
				EBFF3AE527861519005ECEA6 /* MovieDetailViewController.swift */,
				EBFF3AE627861519005ECEA6 /* MovieDetailViewController.xib */,
				EBFF3AE9278615AD005ECEA6 /* MovieDetailViewModel.swift */,
			);
			path = MovieDetail;
			sourceTree = "<group>";
		};
/* End PBXGroup section */

/* Begin PBXNativeTarget section */
		EB9EA99A2784440F006101C6 /* MoviesAppSwift */ = {
			isa = PBXNativeTarget;
			buildConfigurationList = EB9EA9C527844411006101C6 /* Build configuration list for PBXNativeTarget "MoviesAppSwift" */;
			buildPhases = (
				EB9EA9972784440F006101C6 /* Sources */,
				EB9EA9982784440F006101C6 /* Frameworks */,
				EB9EA9992784440F006101C6 /* Resources */,
			);
			buildRules = (
			);
			dependencies = (
			);
			name = MoviesAppSwift;
			packageProductDependencies = (
				EB9EAAFD2784D267006101C6 /* Alamofire */,
			);
			productName = MoviesAppSwift;
			productReference = EB9EA99B2784440F006101C6 /* MoviesAppSwift.app */;
			productType = "com.apple.product-type.application";
		};
		EB9EA9B027844411006101C6 /* MoviesAppSwiftTests */ = {
			isa = PBXNativeTarget;
			buildConfigurationList = EB9EA9C827844411006101C6 /* Build configuration list for PBXNativeTarget "MoviesAppSwiftTests" */;
			buildPhases = (
				EB9EA9AD27844411006101C6 /* Sources */,
				EB9EA9AE27844411006101C6 /* Frameworks */,
				EB9EA9AF27844411006101C6 /* Resources */,
			);
			buildRules = (
			);
			dependencies = (
				EB9EA9B327844411006101C6 /* PBXTargetDependency */,
			);
			name = MoviesAppSwiftTests;
			productName = MoviesAppSwiftTests;
			productReference = EB9EA9B127844411006101C6 /* MoviesAppSwiftTests.xctest */;
			productType = "com.apple.product-type.bundle.unit-test";
		};
		EB9EA9BA27844411006101C6 /* MoviesAppSwiftUITests */ = {
			isa = PBXNativeTarget;
			buildConfigurationList = EB9EA9CB27844411006101C6 /* Build configuration list for PBXNativeTarget "MoviesAppSwiftUITests" */;
			buildPhases = (
				EB9EA9B727844411006101C6 /* Sources */,
				EB9EA9B827844411006101C6 /* Frameworks */,
				EB9EA9B927844411006101C6 /* Resources */,
			);
			buildRules = (
			);
			dependencies = (
				EB9EA9BD27844411006101C6 /* PBXTargetDependency */,
			);
			name = MoviesAppSwiftUITests;
			productName = MoviesAppSwiftUITests;
			productReference = EB9EA9BB27844411006101C6 /* MoviesAppSwiftUITests.xctest */;
			productType = "com.apple.product-type.bundle.ui-testing";
		};
/* End PBXNativeTarget section */

/* Begin PBXProject section */
		EB9EA9932784440F006101C6 /* Project object */ = {
			isa = PBXProject;
			attributes = {
				BuildIndependentTargetsInParallel = 1;
				LastSwiftUpdateCheck = 1320;
				LastUpgradeCheck = 1320;
				TargetAttributes = {
					EB9EA99A2784440F006101C6 = {
						CreatedOnToolsVersion = 13.2;
					};
					EB9EA9B027844411006101C6 = {
						CreatedOnToolsVersion = 13.2;
						TestTargetID = EB9EA99A2784440F006101C6;
					};
					EB9EA9BA27844411006101C6 = {
						CreatedOnToolsVersion = 13.2;
						TestTargetID = EB9EA99A2784440F006101C6;
					};
				};
			};
			buildConfigurationList = EB9EA9962784440F006101C6 /* Build configuration list for PBXProject "MoviesAppSwift" */;
			compatibilityVersion = "Xcode 13.0";
			developmentRegion = en;
			hasScannedForEncodings = 0;
			knownRegions = (
				en,
				Base,
			);
			mainGroup = EB9EA9922784440F006101C6;
			packageReferences = (
				EB9EAAFC2784D267006101C6 /* XCRemoteSwiftPackageReference "Alamofire" */,
			);
			productRefGroup = EB9EA99C2784440F006101C6 /* Products */;
			projectDirPath = "";
			projectRoot = "";
			targets = (
				EB9EA99A2784440F006101C6 /* MoviesAppSwift */,
				EB9EA9B027844411006101C6 /* MoviesAppSwiftTests */,
				EB9EA9BA27844411006101C6 /* MoviesAppSwiftUITests */,
			);
		};
/* End PBXProject section */

/* Begin PBXResourcesBuildPhase section */
		EB9EA9992784440F006101C6 /* Resources */ = {
			isa = PBXResourcesBuildPhase;
			buildActionMask = 2147483647;
			files = (
				EBFF3AE827861519005ECEA6 /* MovieDetailViewController.xib in Resources */,
				EB9EA9AB27844411006101C6 /* LaunchScreen.storyboard in Resources */,
				EB9EA9A827844411006101C6 /* Assets.xcassets in Resources */,
				EB9EAA852784C079006101C6 /* MovieTableViewCell.xib in Resources */,
				EB9EAA762784B8E4006101C6 /* MoviesListViewController.xib in Resources */,
			);
			runOnlyForDeploymentPostprocessing = 0;
		};
		EB9EA9AF27844411006101C6 /* Resources */ = {
			isa = PBXResourcesBuildPhase;
			buildActionMask = 2147483647;
			files = (
			);
			runOnlyForDeploymentPostprocessing = 0;
		};
		EB9EA9B927844411006101C6 /* Resources */ = {
			isa = PBXResourcesBuildPhase;
			buildActionMask = 2147483647;
			files = (
			);
			runOnlyForDeploymentPostprocessing = 0;
		};
/* End PBXResourcesBuildPhase section */

/* Begin PBXSourcesBuildPhase section */
		EB9EA9972784440F006101C6 /* Sources */ = {
			isa = PBXSourcesBuildPhase;
			buildActionMask = 2147483647;
			files = (
				EB9EAA802784BF52006101C6 /* Movie.swift in Sources */,
				EBFF3AEC27862B55005ECEA6 /* NetworkConnectivity.swift in Sources */,
				EBFF3AEA278615AD005ECEA6 /* MovieDetailViewModel.swift in Sources */,
				EB9EA99F2784440F006101C6 /* AppDelegate.swift in Sources */,
				EB9EAB012784D537006101C6 /* Error+Extensions.swift in Sources */,
				EB9EAAF92784D09E006101C6 /* MovieServiceWrapper.swift in Sources */,
				EB9EA9A12784440F006101C6 /* SceneDelegate.swift in Sources */,
				EB9EAA782784BA35006101C6 /* HomeCoordinator.swift in Sources */,
				EB9EAB082784D7ED006101C6 /* MoviesManager.swift in Sources */,
				EB9EAB052784D67E006101C6 /* MoviesProtocol.swift in Sources */,
				EBFF3B5E27862CB5005ECEA6 /* UIViewController+Extensions.swift in Sources */,
				EBFF3A7327860A19005ECEA6 /* UITableView+Extensions.swift in Sources */,
				EB9EAA7A2784BBF3006101C6 /* MoviesListViewModel.swift in Sources */,
				EB7D68E927858A6A00488DEC /* Observer.swift in Sources */,
				EB9EAA702784B724006101C6 /* Coordinator.swift in Sources */,
				EB9EAAFB2784D0F3006101C6 /* MovieServiceError.swift in Sources */,
				EB9EAA842784C079006101C6 /* MovieTableViewCell.swift in Sources */,
				EB9EAA752784B8E4006101C6 /* MoviesListViewController.swift in Sources */,
				EB7D695B278592CD00488DEC /* UIImageView+Extensions.swift in Sources */,
				EBFF3AE727861519005ECEA6 /* MovieDetailViewController.swift in Sources */,
				EB9EAAF72784CC9B006101C6 /* Constants.swift in Sources */,
			);
			runOnlyForDeploymentPostprocessing = 0;
		};
		EB9EA9AD27844411006101C6 /* Sources */ = {
			isa = PBXSourcesBuildPhase;
			buildActionMask = 2147483647;
			files = (
				EB9EA9B627844411006101C6 /* MoviesAppSwiftTests.swift in Sources */,
			);
			runOnlyForDeploymentPostprocessing = 0;
		};
		EB9EA9B727844411006101C6 /* Sources */ = {
			isa = PBXSourcesBuildPhase;
			buildActionMask = 2147483647;
			files = (
				EB9EA9C027844411006101C6 /* MoviesAppSwiftUITests.swift in Sources */,
				EB9EA9C227844411006101C6 /* MoviesAppSwiftUITestsLaunchTests.swift in Sources */,
			);
			runOnlyForDeploymentPostprocessing = 0;
		};
/* End PBXSourcesBuildPhase section */

/* Begin PBXTargetDependency section */
		EB9EA9B327844411006101C6 /* PBXTargetDependency */ = {
			isa = PBXTargetDependency;
			target = EB9EA99A2784440F006101C6 /* MoviesAppSwift */;
			targetProxy = EB9EA9B227844411006101C6 /* PBXContainerItemProxy */;
		};
		EB9EA9BD27844411006101C6 /* PBXTargetDependency */ = {
			isa = PBXTargetDependency;
			target = EB9EA99A2784440F006101C6 /* MoviesAppSwift */;
			targetProxy = EB9EA9BC27844411006101C6 /* PBXContainerItemProxy */;
		};
/* End PBXTargetDependency section */

/* Begin PBXVariantGroup section */
		EB9EA9A927844411006101C6 /* LaunchScreen.storyboard */ = {
			isa = PBXVariantGroup;
			children = (
				EB9EA9AA27844411006101C6 /* Base */,
			);
			name = LaunchScreen.storyboard;
			sourceTree = "<group>";
		};
/* End PBXVariantGroup section */

/* Begin XCBuildConfiguration section */
		EB9EA9C327844411006101C6 /* Debug */ = {
			isa = XCBuildConfiguration;
			buildSettings = {
				ALWAYS_SEARCH_USER_PATHS = NO;
				CLANG_ANALYZER_NONNULL = YES;
				CLANG_ANALYZER_NUMBER_OBJECT_CONVERSION = YES_AGGRESSIVE;
				CLANG_CXX_LANGUAGE_STANDARD = "gnu++17";
				CLANG_CXX_LIBRARY = "libc++";
				CLANG_ENABLE_MODULES = YES;
				CLANG_ENABLE_OBJC_ARC = YES;
				CLANG_ENABLE_OBJC_WEAK = YES;
				CLANG_WARN_BLOCK_CAPTURE_AUTORELEASING = YES;
				CLANG_WARN_BOOL_CONVERSION = YES;
				CLANG_WARN_COMMA = YES;
				CLANG_WARN_CONSTANT_CONVERSION = YES;
				CLANG_WARN_DEPRECATED_OBJC_IMPLEMENTATIONS = YES;
				CLANG_WARN_DIRECT_OBJC_ISA_USAGE = YES_ERROR;
				CLANG_WARN_DOCUMENTATION_COMMENTS = YES;
				CLANG_WARN_EMPTY_BODY = YES;
				CLANG_WARN_ENUM_CONVERSION = YES;
				CLANG_WARN_INFINITE_RECURSION = YES;
				CLANG_WARN_INT_CONVERSION = YES;
				CLANG_WARN_NON_LITERAL_NULL_CONVERSION = YES;
				CLANG_WARN_OBJC_IMPLICIT_RETAIN_SELF = YES;
				CLANG_WARN_OBJC_LITERAL_CONVERSION = YES;
				CLANG_WARN_OBJC_ROOT_CLASS = YES_ERROR;
				CLANG_WARN_QUOTED_INCLUDE_IN_FRAMEWORK_HEADER = YES;
				CLANG_WARN_RANGE_LOOP_ANALYSIS = YES;
				CLANG_WARN_STRICT_PROTOTYPES = YES;
				CLANG_WARN_SUSPICIOUS_MOVE = YES;
				CLANG_WARN_UNGUARDED_AVAILABILITY = YES_AGGRESSIVE;
				CLANG_WARN_UNREACHABLE_CODE = YES;
				CLANG_WARN__DUPLICATE_METHOD_MATCH = YES;
				COPY_PHASE_STRIP = NO;
				DEBUG_INFORMATION_FORMAT = dwarf;
				ENABLE_STRICT_OBJC_MSGSEND = YES;
				ENABLE_TESTABILITY = YES;
				GCC_C_LANGUAGE_STANDARD = gnu11;
				GCC_DYNAMIC_NO_PIC = NO;
				GCC_NO_COMMON_BLOCKS = YES;
				GCC_OPTIMIZATION_LEVEL = 0;
				GCC_PREPROCESSOR_DEFINITIONS = (
					"DEBUG=1",
					"$(inherited)",
				);
				GCC_WARN_64_TO_32_BIT_CONVERSION = YES;
				GCC_WARN_ABOUT_RETURN_TYPE = YES_ERROR;
				GCC_WARN_UNDECLARED_SELECTOR = YES;
				GCC_WARN_UNINITIALIZED_AUTOS = YES_AGGRESSIVE;
				GCC_WARN_UNUSED_FUNCTION = YES;
				GCC_WARN_UNUSED_VARIABLE = YES;
				IPHONEOS_DEPLOYMENT_TARGET = 15.2;
				MTL_ENABLE_DEBUG_INFO = INCLUDE_SOURCE;
				MTL_FAST_MATH = YES;
				ONLY_ACTIVE_ARCH = YES;
				SDKROOT = iphoneos;
				SWIFT_ACTIVE_COMPILATION_CONDITIONS = DEBUG;
				SWIFT_OPTIMIZATION_LEVEL = "-Onone";
			};
			name = Debug;
		};
		EB9EA9C427844411006101C6 /* Release */ = {
			isa = XCBuildConfiguration;
			buildSettings = {
				ALWAYS_SEARCH_USER_PATHS = NO;
				CLANG_ANALYZER_NONNULL = YES;
				CLANG_ANALYZER_NUMBER_OBJECT_CONVERSION = YES_AGGRESSIVE;
				CLANG_CXX_LANGUAGE_STANDARD = "gnu++17";
				CLANG_CXX_LIBRARY = "libc++";
				CLANG_ENABLE_MODULES = YES;
				CLANG_ENABLE_OBJC_ARC = YES;
				CLANG_ENABLE_OBJC_WEAK = YES;
				CLANG_WARN_BLOCK_CAPTURE_AUTORELEASING = YES;
				CLANG_WARN_BOOL_CONVERSION = YES;
				CLANG_WARN_COMMA = YES;
				CLANG_WARN_CONSTANT_CONVERSION = YES;
				CLANG_WARN_DEPRECATED_OBJC_IMPLEMENTATIONS = YES;
				CLANG_WARN_DIRECT_OBJC_ISA_USAGE = YES_ERROR;
				CLANG_WARN_DOCUMENTATION_COMMENTS = YES;
				CLANG_WARN_EMPTY_BODY = YES;
				CLANG_WARN_ENUM_CONVERSION = YES;
				CLANG_WARN_INFINITE_RECURSION = YES;
				CLANG_WARN_INT_CONVERSION = YES;
				CLANG_WARN_NON_LITERAL_NULL_CONVERSION = YES;
				CLANG_WARN_OBJC_IMPLICIT_RETAIN_SELF = YES;
				CLANG_WARN_OBJC_LITERAL_CONVERSION = YES;
				CLANG_WARN_OBJC_ROOT_CLASS = YES_ERROR;
				CLANG_WARN_QUOTED_INCLUDE_IN_FRAMEWORK_HEADER = YES;
				CLANG_WARN_RANGE_LOOP_ANALYSIS = YES;
				CLANG_WARN_STRICT_PROTOTYPES = YES;
				CLANG_WARN_SUSPICIOUS_MOVE = YES;
				CLANG_WARN_UNGUARDED_AVAILABILITY = YES_AGGRESSIVE;
				CLANG_WARN_UNREACHABLE_CODE = YES;
				CLANG_WARN__DUPLICATE_METHOD_MATCH = YES;
				COPY_PHASE_STRIP = NO;
				DEBUG_INFORMATION_FORMAT = "dwarf-with-dsym";
				ENABLE_NS_ASSERTIONS = NO;
				ENABLE_STRICT_OBJC_MSGSEND = YES;
				GCC_C_LANGUAGE_STANDARD = gnu11;
				GCC_NO_COMMON_BLOCKS = YES;
				GCC_WARN_64_TO_32_BIT_CONVERSION = YES;
				GCC_WARN_ABOUT_RETURN_TYPE = YES_ERROR;
				GCC_WARN_UNDECLARED_SELECTOR = YES;
				GCC_WARN_UNINITIALIZED_AUTOS = YES_AGGRESSIVE;
				GCC_WARN_UNUSED_FUNCTION = YES;
				GCC_WARN_UNUSED_VARIABLE = YES;
				IPHONEOS_DEPLOYMENT_TARGET = 15.2;
				MTL_ENABLE_DEBUG_INFO = NO;
				MTL_FAST_MATH = YES;
				SDKROOT = iphoneos;
				SWIFT_COMPILATION_MODE = wholemodule;
				SWIFT_OPTIMIZATION_LEVEL = "-O";
				VALIDATE_PRODUCT = YES;
			};
			name = Release;
		};
		EB9EA9C627844411006101C6 /* Debug */ = {
			isa = XCBuildConfiguration;
			buildSettings = {
				ASSETCATALOG_COMPILER_APPICON_NAME = AppIcon;
				ASSETCATALOG_COMPILER_GLOBAL_ACCENT_COLOR_NAME = AccentColor;
				CODE_SIGN_STYLE = Automatic;
				CURRENT_PROJECT_VERSION = 1;
				GENERATE_INFOPLIST_FILE = YES;
				INFOPLIST_FILE = MoviesAppSwift/Info.plist;
				INFOPLIST_KEY_UIApplicationSupportsIndirectInputEvents = YES;
				INFOPLIST_KEY_UILaunchStoryboardName = LaunchScreen;
				INFOPLIST_KEY_UISupportedInterfaceOrientations_iPad = "UIInterfaceOrientationPortrait UIInterfaceOrientationPortraitUpsideDown UIInterfaceOrientationLandscapeLeft UIInterfaceOrientationLandscapeRight";
				INFOPLIST_KEY_UISupportedInterfaceOrientations_iPhone = "UIInterfaceOrientationPortrait UIInterfaceOrientationLandscapeLeft UIInterfaceOrientationLandscapeRight";
				LD_RUNPATH_SEARCH_PATHS = (
					"$(inherited)",
					"@executable_path/Frameworks",
				);
				MARKETING_VERSION = 1.0;
				PRODUCT_BUNDLE_IDENTIFIER = com.arivero007.MoviesAppSwift;
				PRODUCT_NAME = "$(TARGET_NAME)";
				SWIFT_EMIT_LOC_STRINGS = YES;
				SWIFT_VERSION = 5.0;
				TARGETED_DEVICE_FAMILY = "1,2";
			};
			name = Debug;
		};
		EB9EA9C727844411006101C6 /* Release */ = {
			isa = XCBuildConfiguration;
			buildSettings = {
				ASSETCATALOG_COMPILER_APPICON_NAME = AppIcon;
				ASSETCATALOG_COMPILER_GLOBAL_ACCENT_COLOR_NAME = AccentColor;
				CODE_SIGN_STYLE = Automatic;
				CURRENT_PROJECT_VERSION = 1;
				GENERATE_INFOPLIST_FILE = YES;
				INFOPLIST_FILE = MoviesAppSwift/Info.plist;
				INFOPLIST_KEY_UIApplicationSupportsIndirectInputEvents = YES;
				INFOPLIST_KEY_UILaunchStoryboardName = LaunchScreen;
				INFOPLIST_KEY_UISupportedInterfaceOrientations_iPad = "UIInterfaceOrientationPortrait UIInterfaceOrientationPortraitUpsideDown UIInterfaceOrientationLandscapeLeft UIInterfaceOrientationLandscapeRight";
				INFOPLIST_KEY_UISupportedInterfaceOrientations_iPhone = "UIInterfaceOrientationPortrait UIInterfaceOrientationLandscapeLeft UIInterfaceOrientationLandscapeRight";
				LD_RUNPATH_SEARCH_PATHS = (
					"$(inherited)",
					"@executable_path/Frameworks",
				);
				MARKETING_VERSION = 1.0;
				PRODUCT_BUNDLE_IDENTIFIER = com.arivero007.MoviesAppSwift;
				PRODUCT_NAME = "$(TARGET_NAME)";
				SWIFT_EMIT_LOC_STRINGS = YES;
				SWIFT_VERSION = 5.0;
				TARGETED_DEVICE_FAMILY = "1,2";
			};
			name = Release;
		};
		EB9EA9C927844411006101C6 /* Debug */ = {
			isa = XCBuildConfiguration;
			buildSettings = {
				ALWAYS_EMBED_SWIFT_STANDARD_LIBRARIES = YES;
				BUNDLE_LOADER = "$(TEST_HOST)";
				CODE_SIGN_STYLE = Automatic;
				CURRENT_PROJECT_VERSION = 1;
				GENERATE_INFOPLIST_FILE = YES;
				IPHONEOS_DEPLOYMENT_TARGET = 15.2;
				MARKETING_VERSION = 1.0;
				PRODUCT_BUNDLE_IDENTIFIER = com.arivero007.MoviesAppSwiftTests;
				PRODUCT_NAME = "$(TARGET_NAME)";
				SWIFT_EMIT_LOC_STRINGS = NO;
				SWIFT_VERSION = 5.0;
				TARGETED_DEVICE_FAMILY = "1,2";
				TEST_HOST = "$(BUILT_PRODUCTS_DIR)/MoviesAppSwift.app/MoviesAppSwift";
			};
			name = Debug;
		};
		EB9EA9CA27844411006101C6 /* Release */ = {
			isa = XCBuildConfiguration;
			buildSettings = {
				ALWAYS_EMBED_SWIFT_STANDARD_LIBRARIES = YES;
				BUNDLE_LOADER = "$(TEST_HOST)";
				CODE_SIGN_STYLE = Automatic;
				CURRENT_PROJECT_VERSION = 1;
				GENERATE_INFOPLIST_FILE = YES;
				IPHONEOS_DEPLOYMENT_TARGET = 15.2;
				MARKETING_VERSION = 1.0;
				PRODUCT_BUNDLE_IDENTIFIER = com.arivero007.MoviesAppSwiftTests;
				PRODUCT_NAME = "$(TARGET_NAME)";
				SWIFT_EMIT_LOC_STRINGS = NO;
				SWIFT_VERSION = 5.0;
				TARGETED_DEVICE_FAMILY = "1,2";
				TEST_HOST = "$(BUILT_PRODUCTS_DIR)/MoviesAppSwift.app/MoviesAppSwift";
			};
			name = Release;
		};
		EB9EA9CC27844411006101C6 /* Debug */ = {
			isa = XCBuildConfiguration;
			buildSettings = {
				ALWAYS_EMBED_SWIFT_STANDARD_LIBRARIES = YES;
				CODE_SIGN_STYLE = Automatic;
				CURRENT_PROJECT_VERSION = 1;
				GENERATE_INFOPLIST_FILE = YES;
				MARKETING_VERSION = 1.0;
				PRODUCT_BUNDLE_IDENTIFIER = com.arivero007.MoviesAppSwiftUITests;
				PRODUCT_NAME = "$(TARGET_NAME)";
				SWIFT_EMIT_LOC_STRINGS = NO;
				SWIFT_VERSION = 5.0;
				TARGETED_DEVICE_FAMILY = "1,2";
				TEST_TARGET_NAME = MoviesAppSwift;
			};
			name = Debug;
		};
		EB9EA9CD27844411006101C6 /* Release */ = {
			isa = XCBuildConfiguration;
			buildSettings = {
				ALWAYS_EMBED_SWIFT_STANDARD_LIBRARIES = YES;
				CODE_SIGN_STYLE = Automatic;
				CURRENT_PROJECT_VERSION = 1;
				GENERATE_INFOPLIST_FILE = YES;
				MARKETING_VERSION = 1.0;
				PRODUCT_BUNDLE_IDENTIFIER = com.arivero007.MoviesAppSwiftUITests;
				PRODUCT_NAME = "$(TARGET_NAME)";
				SWIFT_EMIT_LOC_STRINGS = NO;
				SWIFT_VERSION = 5.0;
				TARGETED_DEVICE_FAMILY = "1,2";
				TEST_TARGET_NAME = MoviesAppSwift;
			};
			name = Release;
		};
/* End XCBuildConfiguration section */

/* Begin XCConfigurationList section */
		EB9EA9962784440F006101C6 /* Build configuration list for PBXProject "MoviesAppSwift" */ = {
			isa = XCConfigurationList;
			buildConfigurations = (
				EB9EA9C327844411006101C6 /* Debug */,
				EB9EA9C427844411006101C6 /* Release */,
			);
			defaultConfigurationIsVisible = 0;
			defaultConfigurationName = Release;
		};
		EB9EA9C527844411006101C6 /* Build configuration list for PBXNativeTarget "MoviesAppSwift" */ = {
			isa = XCConfigurationList;
			buildConfigurations = (
				EB9EA9C627844411006101C6 /* Debug */,
				EB9EA9C727844411006101C6 /* Release */,
			);
			defaultConfigurationIsVisible = 0;
			defaultConfigurationName = Release;
		};
		EB9EA9C827844411006101C6 /* Build configuration list for PBXNativeTarget "MoviesAppSwiftTests" */ = {
			isa = XCConfigurationList;
			buildConfigurations = (
				EB9EA9C927844411006101C6 /* Debug */,
				EB9EA9CA27844411006101C6 /* Release */,
			);
			defaultConfigurationIsVisible = 0;
			defaultConfigurationName = Release;
		};
		EB9EA9CB27844411006101C6 /* Build configuration list for PBXNativeTarget "MoviesAppSwiftUITests" */ = {
			isa = XCConfigurationList;
			buildConfigurations = (
				EB9EA9CC27844411006101C6 /* Debug */,
				EB9EA9CD27844411006101C6 /* Release */,
			);
			defaultConfigurationIsVisible = 0;
			defaultConfigurationName = Release;
		};
/* End XCConfigurationList section */

/* Begin XCRemoteSwiftPackageReference section */
		EB9EAAFC2784D267006101C6 /* XCRemoteSwiftPackageReference "Alamofire" */ = {
			isa = XCRemoteSwiftPackageReference;
			repositoryURL = "https://github.com/Alamofire/Alamofire.git";
			requirement = {
				kind = upToNextMajorVersion;
				minimumVersion = 5.0.0;
			};
		};
/* End XCRemoteSwiftPackageReference section */

/* Begin XCSwiftPackageProductDependency section */
		EB9EAAFD2784D267006101C6 /* Alamofire */ = {
			isa = XCSwiftPackageProductDependency;
			package = EB9EAAFC2784D267006101C6 /* XCRemoteSwiftPackageReference "Alamofire" */;
			productName = Alamofire;
		};
/* End XCSwiftPackageProductDependency section */
	};
	rootObject = EB9EA9932784440F006101C6 /* Project object */;
}
